
Microsoft Visual Studio Solution File, Format Version 12.00
# Visual Studio Version 17
VisualStudioVersion = 17.6.33815.320
MinimumVisualStudioVersion = 10.0.40219.1
Project("{FAE04EC0-301F-11D3-BF4B-00C04F79EFBC}") = "HiKaPractice", "HiKaPractice.csproj", "{A0604AAD-BDB3-41E0-9FBA-6958BB8C0604}"
EndProject
Global
	GlobalSection(SolutionConfigurationPlatforms) = preSolution
		Debug|Any CPU = Debug|Any CPU
		Release|Any CPU = Release|Any CPU
	EndGlobalSection
	GlobalSection(ProjectConfigurationPlatforms) = postSolution
		{A0604AAD-BDB3-41E0-9FBA-6958BB8C0604}.Debug|Any CPU.ActiveCfg = Debug|Any CPU
		{A0604AAD-BDB3-41E0-9FBA-6958BB8C0604}.Debug|Any CPU.Build.0 = Debug|Any CPU
		{A0604AAD-BDB3-41E0-9FBA-6958BB8C0604}.Release|Any CPU.ActiveCfg = Release|Any CPU
		{A0604AAD-BDB3-41E0-9FBA-6958BB8C0604}.Release|Any CPU.Build.0 = Release|Any CPU
	EndGlobalSection
	GlobalSection(SolutionProperties) = preSolution
		HideSolutionNode = FALSE
	EndGlobalSection
	GlobalSection(ExtensibilityGlobals) = postSolution
		SolutionGuid = {9B465F13-B12F-4249-8649-B6F47F9C31C8}
	EndGlobalSection
EndGlobal
